
Microsoft Visual Studio Solution File, Format Version 12.00
# Visual Studio Version 16
VisualStudioVersion = 16.0.29926.136
MinimumVisualStudioVersion = 10.0.40219.1
Project("{FAE04EC0-301F-11D3-BF4B-00C04F79EFBC}") = "ConvertersWpf", "ConvertersWpf\ConvertersWpf.csproj", "{002A9150-1E1D-4676-98F5-68B6E9A88241}"
EndProject
Global
	GlobalSection(SolutionConfigurationPlatforms) = preSolution
		Debug|Any CPU = Debug|Any CPU
		Release|Any CPU = Release|Any CPU
	EndGlobalSection
	GlobalSection(ProjectConfigurationPlatforms) = postSolution
		{002A9150-1E1D-4676-98F5-68B6E9A88241}.Debug|Any CPU.ActiveCfg = Debug|Any CPU
		{002A9150-1E1D-4676-98F5-68B6E9A88241}.Debug|Any CPU.Build.0 = Debug|Any CPU
		{002A9150-1E1D-4676-98F5-68B6E9A88241}.Release|Any CPU.ActiveCfg = Release|Any CPU
		{002A9150-1E1D-4676-98F5-68B6E9A88241}.Release|Any CPU.Build.0 = Release|Any CPU
	EndGlobalSection
	GlobalSection(SolutionProperties) = preSolution
		HideSolutionNode = FALSE
	EndGlobalSection
	GlobalSection(ExtensibilityGlobals) = postSolution
		SolutionGuid = {B407A362-06E1-4E24-B780-6BE4F5D87302}
	EndGlobalSection
EndGlobal
